
Microsoft Visual Studio Solution File, Format Version 12.00
# Visual Studio Version 16
VisualStudioVersion = 16.0.31205.134
MinimumVisualStudioVersion = 10.0.40219.1
Project("{9A19103F-16F7-4668-BE54-9A1E7A4F7556}") = "CryptoGetter", "WinFormsCryptoGetter\CryptoGetter.csproj", "{4758FA43-71E3-44B8-9C60-3C309BFC2219}"
EndProject
Project("{FAE04EC0-301F-11D3-BF4B-00C04F79EFBC}") = "CryptoGetterForNet45", "CryptoGetterForNet45\CryptoGetterForNet45.csproj", "{CDA84ED4-5AB7-4ADD-8354-F4DC6AECC500}"
EndProject
Global
	GlobalSection(SolutionConfigurationPlatforms) = preSolution
		Debug|Any CPU = Debug|Any CPU
		Release|Any CPU = Release|Any CPU
	EndGlobalSection
	GlobalSection(ProjectConfigurationPlatforms) = postSolution
		{4758FA43-71E3-44B8-9C60-3C309BFC2219}.Debug|Any CPU.ActiveCfg = Debug|Any CPU
		{4758FA43-71E3-44B8-9C60-3C309BFC2219}.Debug|Any CPU.Build.0 = Debug|Any CPU
		{4758FA43-71E3-44B8-9C60-3C309BFC2219}.Release|Any CPU.ActiveCfg = Release|Any CPU
		{4758FA43-71E3-44B8-9C60-3C309BFC2219}.Release|Any CPU.Build.0 = Release|Any CPU
		{CDA84ED4-5AB7-4ADD-8354-F4DC6AECC500}.Debug|Any CPU.ActiveCfg = Debug|Any CPU
		{CDA84ED4-5AB7-4ADD-8354-F4DC6AECC500}.Debug|Any CPU.Build.0 = Debug|Any CPU
		{CDA84ED4-5AB7-4ADD-8354-F4DC6AECC500}.Release|Any CPU.ActiveCfg = Release|Any CPU
		{CDA84ED4-5AB7-4ADD-8354-F4DC6AECC500}.Release|Any CPU.Build.0 = Release|Any CPU
	EndGlobalSection
	GlobalSection(SolutionProperties) = preSolution
		HideSolutionNode = FALSE
	EndGlobalSection
	GlobalSection(ExtensibilityGlobals) = postSolution
		SolutionGuid = {FAF87480-8390-481C-AD3B-8C81F5D027D4}
	EndGlobalSection
EndGlobal
